// !$*UTF8*$!
{
	archiveVersion = 1;
	classes = {
	};
	objectVersion = 48;
	objects = {

/* Begin PBXBuildFile section */
		640EB9A42063F2D00063271B /* stream_node.swift in Sources */ = {isa = PBXBuildFile; fileRef = 640EB9A32063F2D00063271B /* stream_node.swift */; };
		64503F942062AA370004BB42 /* LICENSE in Resources */ = {isa = PBXBuildFile; fileRef = 64503F932062AA370004BB42 /* LICENSE */; };
		64503F962062B63D0004BB42 /* listener.swift in Sources */ = {isa = PBXBuildFile; fileRef = 64503F952062B63D0004BB42 /* listener.swift */; };
		64526042205C101200B4B211 /* schema.swift in Sources */ = {isa = PBXBuildFile; fileRef = 64526041205C101200B4B211 /* schema.swift */; };
		6462C7F02052E1EC0040CBB9 /* stream.swift in Sources */ = {isa = PBXBuildFile; fileRef = 6462C7EF2052E1EC0040CBB9 /* stream.swift */; };
		6462C7F22052E1FE0040CBB9 /* state_value.swift in Sources */ = {isa = PBXBuildFile; fileRef = 6462C7F12052E1FE0040CBB9 /* state_value.swift */; };
		6462C7F42052E2070040CBB9 /* transform_one.swift in Sources */ = {isa = PBXBuildFile; fileRef = 6462C7F32052E2070040CBB9 /* transform_one.swift */; };
		6462C7F82052E2740040CBB9 /* parameter.swift in Sources */ = {isa = PBXBuildFile; fileRef = 6462C7F72052E2740040CBB9 /* parameter.swift */; };
		6462C7FA2052E2B30040CBB9 /* constant.swift in Sources */ = {isa = PBXBuildFile; fileRef = 6462C7F92052E2B30040CBB9 /* constant.swift */; };
		6462C7FE2052E8940040CBB9 /* transform_two.swift in Sources */ = {isa = PBXBuildFile; fileRef = 6462C7FD2052E8940040CBB9 /* transform_two.swift */; };
		64B34A92204C6353002CE380 /* lhvm_swift.swift in Sources */ = {isa = PBXBuildFile; fileRef = 64B34A91204C6353002CE380 /* lhvm_swift.swift */; };
		64B34A94204C63C1002CE380 /* appkit_sample.swift in Sources */ = {isa = PBXBuildFile; fileRef = 64B34A93204C63C1002CE380 /* appkit_sample.swift */; };
		64B34A96204C64A7002CE380 /* op_stack.swift in Sources */ = {isa = PBXBuildFile; fileRef = 64B34A95204C64A7002CE380 /* op_stack.swift */; };
		64FCE22D2045DB9D00BEECDD /* lhvm_swift.framework in Frameworks */ = {isa = PBXBuildFile; fileRef = 64FCE2232045DB9D00BEECDD /* lhvm_swift.framework */; };
		64FCE2322045DB9D00BEECDD /* lhvm_swiftTests.swift in Sources */ = {isa = PBXBuildFile; fileRef = 64FCE2312045DB9D00BEECDD /* lhvm_swiftTests.swift */; };
		64FCE2342045DB9D00BEECDD /* lhvm_swift.h in Headers */ = {isa = PBXBuildFile; fileRef = 64FCE2262045DB9D00BEECDD /* lhvm_swift.h */; settings = {ATTRIBUTES = (Public, ); }; };
/* End PBXBuildFile section */

/* Begin PBXContainerItemProxy section */
		64FCE22E2045DB9D00BEECDD /* PBXContainerItemProxy */ = {
			isa = PBXContainerItemProxy;
			containerPortal = 64FCE21A2045DB9D00BEECDD /* Project object */;
			proxyType = 1;
			remoteGlobalIDString = 64FCE2222045DB9D00BEECDD;
			remoteInfo = "lhvm-swift";
		};
/* End PBXContainerItemProxy section */

/* Begin PBXFileReference section */
		640EB9A32063F2D00063271B /* stream_node.swift */ = {isa = PBXFileReference; lastKnownFileType = sourcecode.swift; path = stream_node.swift; sourceTree = "<group>"; };
		64503F932062AA370004BB42 /* LICENSE */ = {isa = PBXFileReference; lastKnownFileType = text; path = LICENSE; sourceTree = "<group>"; };
		64503F952062B63D0004BB42 /* listener.swift */ = {isa = PBXFileReference; lastKnownFileType = sourcecode.swift; path = listener.swift; sourceTree = "<group>"; };
		64526041205C101200B4B211 /* schema.swift */ = {isa = PBXFileReference; lastKnownFileType = sourcecode.swift; path = schema.swift; sourceTree = "<group>"; };
		6462C7EF2052E1EC0040CBB9 /* stream.swift */ = {isa = PBXFileReference; lastKnownFileType = sourcecode.swift; path = stream.swift; sourceTree = "<group>"; };
		6462C7F12052E1FE0040CBB9 /* state_value.swift */ = {isa = PBXFileReference; lastKnownFileType = sourcecode.swift; path = state_value.swift; sourceTree = "<group>"; };
		6462C7F32052E2070040CBB9 /* transform_one.swift */ = {isa = PBXFileReference; lastKnownFileType = sourcecode.swift; path = transform_one.swift; sourceTree = "<group>"; };
		6462C7F72052E2740040CBB9 /* parameter.swift */ = {isa = PBXFileReference; lastKnownFileType = sourcecode.swift; path = parameter.swift; sourceTree = "<group>"; };
		6462C7F92052E2B30040CBB9 /* constant.swift */ = {isa = PBXFileReference; lastKnownFileType = sourcecode.swift; path = constant.swift; sourceTree = "<group>"; };
		6462C7FD2052E8940040CBB9 /* transform_two.swift */ = {isa = PBXFileReference; lastKnownFileType = sourcecode.swift; path = transform_two.swift; sourceTree = "<group>"; };
		64B34A91204C6353002CE380 /* lhvm_swift.swift */ = {isa = PBXFileReference; lastKnownFileType = sourcecode.swift; path = lhvm_swift.swift; sourceTree = "<group>"; };
		64B34A93204C63C1002CE380 /* appkit_sample.swift */ = {isa = PBXFileReference; lastKnownFileType = sourcecode.swift; path = appkit_sample.swift; sourceTree = "<group>"; };
		64B34A95204C64A7002CE380 /* op_stack.swift */ = {isa = PBXFileReference; lastKnownFileType = sourcecode.swift; path = op_stack.swift; sourceTree = "<group>"; };
		64B34A99204C72FD002CE380 /* numberforth_implementation.md */ = {isa = PBXFileReference; lastKnownFileType = net.daringfireball.markdown; path = numberforth_implementation.md; sourceTree = "<group>"; };
		64FCE2232045DB9D00BEECDD /* lhvm_swift.framework */ = {isa = PBXFileReference; explicitFileType = wrapper.framework; includeInIndex = 0; path = lhvm_swift.framework; sourceTree = BUILT_PRODUCTS_DIR; };
		64FCE2262045DB9D00BEECDD /* lhvm_swift.h */ = {isa = PBXFileReference; lastKnownFileType = sourcecode.c.h; path = lhvm_swift.h; sourceTree = "<group>"; };
		64FCE2272045DB9D00BEECDD /* Info.plist */ = {isa = PBXFileReference; lastKnownFileType = text.plist.xml; path = Info.plist; sourceTree = "<group>"; };
		64FCE22C2045DB9D00BEECDD /* lhvm-swiftTests.xctest */ = {isa = PBXFileReference; explicitFileType = wrapper.cfbundle; includeInIndex = 0; path = "lhvm-swiftTests.xctest"; sourceTree = BUILT_PRODUCTS_DIR; };
		64FCE2312045DB9D00BEECDD /* lhvm_swiftTests.swift */ = {isa = PBXFileReference; lastKnownFileType = sourcecode.swift; path = lhvm_swiftTests.swift; sourceTree = "<group>"; };
		64FCE2332045DB9D00BEECDD /* Info.plist */ = {isa = PBXFileReference; lastKnownFileType = text.plist.xml; path = Info.plist; sourceTree = "<group>"; };
		64FCE23D2045DBB400BEECDD /* numberforth_design.md */ = {isa = PBXFileReference; lastKnownFileType = net.daringfireball.markdown; path = numberforth_design.md; sourceTree = "<group>"; };
/* End PBXFileReference section */

/* Begin PBXFrameworksBuildPhase section */
		64FCE21F2045DB9D00BEECDD /* Frameworks */ = {
			isa = PBXFrameworksBuildPhase;
			buildActionMask = 2147483647;
			files = (
			);
			runOnlyForDeploymentPostprocessing = 0;
		};
		64FCE2292045DB9D00BEECDD /* Frameworks */ = {
			isa = PBXFrameworksBuildPhase;
			buildActionMask = 2147483647;
			files = (
				64FCE22D2045DB9D00BEECDD /* lhvm_swift.framework in Frameworks */,
			);
			runOnlyForDeploymentPostprocessing = 0;
		};
/* End PBXFrameworksBuildPhase section */

/* Begin PBXGroup section */
		6462C7EE2052E1D10040CBB9 /* stream */ = {
			isa = PBXGroup;
			children = (
				6462C7F92052E2B30040CBB9 /* constant.swift */,
				6462C7F12052E1FE0040CBB9 /* state_value.swift */,
				6462C7F32052E2070040CBB9 /* transform_one.swift */,
				6462C7FD2052E8940040CBB9 /* transform_two.swift */,
				6462C7F72052E2740040CBB9 /* parameter.swift */,
				6462C7EF2052E1EC0040CBB9 /* stream.swift */,
				64B34A95204C64A7002CE380 /* op_stack.swift */,
			);
			path = stream;
			sourceTree = "<group>";
		};
		64FCE2192045DB9D00BEECDD = {
			isa = PBXGroup;
			children = (
				64503F932062AA370004BB42 /* LICENSE */,
				64B34A99204C72FD002CE380 /* numberforth_implementation.md */,
				64FCE23D2045DBB400BEECDD /* numberforth_design.md */,
				64FCE2252045DB9D00BEECDD /* lhvm-swift */,
				64FCE2302045DB9D00BEECDD /* lhvm-swiftTests */,
				64FCE2242045DB9D00BEECDD /* Products */,
			);
			sourceTree = "<group>";
		};
		64FCE2242045DB9D00BEECDD /* Products */ = {
			isa = PBXGroup;
			children = (
				64FCE2232045DB9D00BEECDD /* lhvm_swift.framework */,
				64FCE22C2045DB9D00BEECDD /* lhvm-swiftTests.xctest */,
			);
			name = Products;
			sourceTree = "<group>";
		};
		64FCE2252045DB9D00BEECDD /* lhvm-swift */ = {
			isa = PBXGroup;
			children = (
				6462C7EE2052E1D10040CBB9 /* stream */,
				64FCE2262045DB9D00BEECDD /* lhvm_swift.h */,
				64B34A91204C6353002CE380 /* lhvm_swift.swift */,
				64FCE2272045DB9D00BEECDD /* Info.plist */,
				64B34A93204C63C1002CE380 /* appkit_sample.swift */,
				64526041205C101200B4B211 /* schema.swift */,
				64503F952062B63D0004BB42 /* listener.swift */,
				640EB9A32063F2D00063271B /* stream_node.swift */,
			);
			path = "lhvm-swift";
			sourceTree = "<group>";
		};
		64FCE2302045DB9D00BEECDD /* lhvm-swiftTests */ = {
			isa = PBXGroup;
			children = (
				64FCE2312045DB9D00BEECDD /* lhvm_swiftTests.swift */,
				64FCE2332045DB9D00BEECDD /* Info.plist */,
			);
			path = "lhvm-swiftTests";
			sourceTree = "<group>";
		};
/* End PBXGroup section */

/* Begin PBXHeadersBuildPhase section */
		64FCE2202045DB9D00BEECDD /* Headers */ = {
			isa = PBXHeadersBuildPhase;
			buildActionMask = 2147483647;
			files = (
				64FCE2342045DB9D00BEECDD /* lhvm_swift.h in Headers */,
			);
			runOnlyForDeploymentPostprocessing = 0;
		};
/* End PBXHeadersBuildPhase section */

/* Begin PBXNativeTarget section */
		64FCE2222045DB9D00BEECDD /* lhvm-swift */ = {
			isa = PBXNativeTarget;
			buildConfigurationList = 64FCE2372045DB9D00BEECDD /* Build configuration list for PBXNativeTarget "lhvm-swift" */;
			buildPhases = (
				64FCE21E2045DB9D00BEECDD /* Sources */,
				64FCE21F2045DB9D00BEECDD /* Frameworks */,
				64FCE2202045DB9D00BEECDD /* Headers */,
				64FCE2212045DB9D00BEECDD /* Resources */,
			);
			buildRules = (
			);
			dependencies = (
			);
			name = "lhvm-swift";
			productName = "lhvm-swift";
			productReference = 64FCE2232045DB9D00BEECDD /* lhvm_swift.framework */;
			productType = "com.apple.product-type.framework";
		};
		64FCE22B2045DB9D00BEECDD /* lhvm-swiftTests */ = {
			isa = PBXNativeTarget;
			buildConfigurationList = 64FCE23A2045DB9D00BEECDD /* Build configuration list for PBXNativeTarget "lhvm-swiftTests" */;
			buildPhases = (
				64FCE2282045DB9D00BEECDD /* Sources */,
				64FCE2292045DB9D00BEECDD /* Frameworks */,
				64FCE22A2045DB9D00BEECDD /* Resources */,
			);
			buildRules = (
			);
			dependencies = (
				64FCE22F2045DB9D00BEECDD /* PBXTargetDependency */,
			);
			name = "lhvm-swiftTests";
			productName = "lhvm-swiftTests";
			productReference = 64FCE22C2045DB9D00BEECDD /* lhvm-swiftTests.xctest */;
			productType = "com.apple.product-type.bundle.unit-test";
		};
/* End PBXNativeTarget section */

/* Begin PBXProject section */
		64FCE21A2045DB9D00BEECDD /* Project object */ = {
			isa = PBXProject;
			attributes = {
				LastSwiftUpdateCheck = 0920;
				LastUpgradeCheck = 0920;
				ORGANIZATIONNAME = "Skyleaf Design LLC";
				TargetAttributes = {
					64FCE2222045DB9D00BEECDD = {
						CreatedOnToolsVersion = 9.2;
						LastSwiftMigration = 0920;
						ProvisioningStyle = Automatic;
					};
					64FCE22B2045DB9D00BEECDD = {
						CreatedOnToolsVersion = 9.2;
						ProvisioningStyle = Automatic;
					};
				};
			};
			buildConfigurationList = 64FCE21D2045DB9D00BEECDD /* Build configuration list for PBXProject "lhvm-swift" */;
			compatibilityVersion = "Xcode 8.0";
			developmentRegion = en;
			hasScannedForEncodings = 0;
			knownRegions = (
				en,
			);
			mainGroup = 64FCE2192045DB9D00BEECDD;
			productRefGroup = 64FCE2242045DB9D00BEECDD /* Products */;
			projectDirPath = "";
			projectRoot = "";
			targets = (
				64FCE2222045DB9D00BEECDD /* lhvm-swift */,
				64FCE22B2045DB9D00BEECDD /* lhvm-swiftTests */,
			);
		};
/* End PBXProject section */

/* Begin PBXResourcesBuildPhase section */
		64FCE2212045DB9D00BEECDD /* Resources */ = {
			isa = PBXResourcesBuildPhase;
			buildActionMask = 2147483647;
			files = (
				64503F942062AA370004BB42 /* LICENSE in Resources */,
			);
			runOnlyForDeploymentPostprocessing = 0;
		};
		64FCE22A2045DB9D00BEECDD /* Resources */ = {
			isa = PBXResourcesBuildPhase;
			buildActionMask = 2147483647;
			files = (
			);
			runOnlyForDeploymentPostprocessing = 0;
		};
/* End PBXResourcesBuildPhase section */

/* Begin PBXSourcesBuildPhase section */
		64FCE21E2045DB9D00BEECDD /* Sources */ = {
			isa = PBXSourcesBuildPhase;
			buildActionMask = 2147483647;
			files = (
				6462C7F82052E2740040CBB9 /* parameter.swift in Sources */,
				6462C7FE2052E8940040CBB9 /* transform_two.swift in Sources */,
				6462C7F22052E1FE0040CBB9 /* state_value.swift in Sources */,
				64526042205C101200B4B211 /* schema.swift in Sources */,
				6462C7F42052E2070040CBB9 /* transform_one.swift in Sources */,
				6462C7F02052E1EC0040CBB9 /* stream.swift in Sources */,
				640EB9A42063F2D00063271B /* stream_node.swift in Sources */,
				64503F962062B63D0004BB42 /* listener.swift in Sources */,
				64B34A92204C6353002CE380 /* lhvm_swift.swift in Sources */,
				6462C7FA2052E2B30040CBB9 /* constant.swift in Sources */,
				64B34A96204C64A7002CE380 /* op_stack.swift in Sources */,
				64B34A94204C63C1002CE380 /* appkit_sample.swift in Sources */,
			);
			runOnlyForDeploymentPostprocessing = 0;
		};
		64FCE2282045DB9D00BEECDD /* Sources */ = {
			isa = PBXSourcesBuildPhase;
			buildActionMask = 2147483647;
			files = (
				64FCE2322045DB9D00BEECDD /* lhvm_swiftTests.swift in Sources */,
			);
			runOnlyForDeploymentPostprocessing = 0;
		};
/* End PBXSourcesBuildPhase section */

/* Begin PBXTargetDependency section */
		64FCE22F2045DB9D00BEECDD /* PBXTargetDependency */ = {
			isa = PBXTargetDependency;
			target = 64FCE2222045DB9D00BEECDD /* lhvm-swift */;
			targetProxy = 64FCE22E2045DB9D00BEECDD /* PBXContainerItemProxy */;
		};
/* End PBXTargetDependency section */

/* Begin XCBuildConfiguration section */
		64FCE2352045DB9D00BEECDD /* Debug */ = {
			isa = XCBuildConfiguration;
			buildSettings = {
				ALWAYS_SEARCH_USER_PATHS = NO;
				CLANG_ANALYZER_NONNULL = YES;
				CLANG_ANALYZER_NUMBER_OBJECT_CONVERSION = YES_AGGRESSIVE;
				CLANG_CXX_LANGUAGE_STANDARD = "gnu++14";
				CLANG_CXX_LIBRARY = "libc++";
				CLANG_ENABLE_MODULES = YES;
				CLANG_ENABLE_OBJC_ARC = YES;
				CLANG_WARN_BLOCK_CAPTURE_AUTORELEASING = YES;
				CLANG_WARN_BOOL_CONVERSION = YES;
				CLANG_WARN_COMMA = YES;
				CLANG_WARN_CONSTANT_CONVERSION = YES;
				CLANG_WARN_DIRECT_OBJC_ISA_USAGE = YES_ERROR;
				CLANG_WARN_DOCUMENTATION_COMMENTS = YES;
				CLANG_WARN_EMPTY_BODY = YES;
				CLANG_WARN_ENUM_CONVERSION = YES;
				CLANG_WARN_INFINITE_RECURSION = YES;
				CLANG_WARN_INT_CONVERSION = YES;
				CLANG_WARN_NON_LITERAL_NULL_CONVERSION = YES;
				CLANG_WARN_OBJC_LITERAL_CONVERSION = YES;
				CLANG_WARN_OBJC_ROOT_CLASS = YES_ERROR;
				CLANG_WARN_RANGE_LOOP_ANALYSIS = YES;
				CLANG_WARN_STRICT_PROTOTYPES = YES;
				CLANG_WARN_SUSPICIOUS_MOVE = YES;
				CLANG_WARN_UNGUARDED_AVAILABILITY = YES_AGGRESSIVE;
				CLANG_WARN_UNREACHABLE_CODE = YES;
				CLANG_WARN__DUPLICATE_METHOD_MATCH = YES;
				CODE_SIGN_IDENTITY = "Mac Developer";
				COPY_PHASE_STRIP = NO;
				CURRENT_PROJECT_VERSION = 1;
				DEBUG_INFORMATION_FORMAT = dwarf;
				ENABLE_STRICT_OBJC_MSGSEND = YES;
				ENABLE_TESTABILITY = YES;
				GCC_C_LANGUAGE_STANDARD = gnu11;
				GCC_DYNAMIC_NO_PIC = NO;
				GCC_NO_COMMON_BLOCKS = YES;
				GCC_OPTIMIZATION_LEVEL = 0;
				GCC_PREPROCESSOR_DEFINITIONS = (
					"DEBUG=1",
					"$(inherited)",
				);
				GCC_WARN_64_TO_32_BIT_CONVERSION = YES;
				GCC_WARN_ABOUT_RETURN_TYPE = YES_ERROR;
				GCC_WARN_UNDECLARED_SELECTOR = YES;
				GCC_WARN_UNINITIALIZED_AUTOS = YES_AGGRESSIVE;
				GCC_WARN_UNUSED_FUNCTION = YES;
				GCC_WARN_UNUSED_VARIABLE = YES;
				MACOSX_DEPLOYMENT_TARGET = 10.12;
				MTL_ENABLE_DEBUG_INFO = YES;
				ONLY_ACTIVE_ARCH = YES;
				SDKROOT = macosx;
				SWIFT_ACTIVE_COMPILATION_CONDITIONS = DEBUG;
				SWIFT_OPTIMIZATION_LEVEL = "-Onone";
				VERSIONING_SYSTEM = "apple-generic";
				VERSION_INFO_PREFIX = "";
			};
			name = Debug;
		};
		64FCE2362045DB9D00BEECDD /* Release */ = {
			isa = XCBuildConfiguration;
			buildSettings = {
				ALWAYS_SEARCH_USER_PATHS = NO;
				CLANG_ANALYZER_NONNULL = YES;
				CLANG_ANALYZER_NUMBER_OBJECT_CONVERSION = YES_AGGRESSIVE;
				CLANG_CXX_LANGUAGE_STANDARD = "gnu++14";
				CLANG_CXX_LIBRARY = "libc++";
				CLANG_ENABLE_MODULES = YES;
				CLANG_ENABLE_OBJC_ARC = YES;
				CLANG_WARN_BLOCK_CAPTURE_AUTORELEASING = YES;
				CLANG_WARN_BOOL_CONVERSION = YES;
				CLANG_WARN_COMMA = YES;
				CLANG_WARN_CONSTANT_CONVERSION = YES;
				CLANG_WARN_DIRECT_OBJC_ISA_USAGE = YES_ERROR;
				CLANG_WARN_DOCUMENTATION_COMMENTS = YES;
				CLANG_WARN_EMPTY_BODY = YES;
				CLANG_WARN_ENUM_CONVERSION = YES;
				CLANG_WARN_INFINITE_RECURSION = YES;
				CLANG_WARN_INT_CONVERSION = YES;
				CLANG_WARN_NON_LITERAL_NULL_CONVERSION = YES;
				CLANG_WARN_OBJC_LITERAL_CONVERSION = YES;
				CLANG_WARN_OBJC_ROOT_CLASS = YES_ERROR;
				CLANG_WARN_RANGE_LOOP_ANALYSIS = YES;
				CLANG_WARN_STRICT_PROTOTYPES = YES;
				CLANG_WARN_SUSPICIOUS_MOVE = YES;
				CLANG_WARN_UNGUARDED_AVAILABILITY = YES_AGGRESSIVE;
				CLANG_WARN_UNREACHABLE_CODE = YES;
				CLANG_WARN__DUPLICATE_METHOD_MATCH = YES;
				CODE_SIGN_IDENTITY = "Mac Developer";
				COPY_PHASE_STRIP = NO;
				CURRENT_PROJECT_VERSION = 1;
				DEBUG_INFORMATION_FORMAT = "dwarf-with-dsym";
				ENABLE_NS_ASSERTIONS = NO;
				ENABLE_STRICT_OBJC_MSGSEND = YES;
				GCC_C_LANGUAGE_STANDARD = gnu11;
				GCC_NO_COMMON_BLOCKS = YES;
				GCC_WARN_64_TO_32_BIT_CONVERSION = YES;
				GCC_WARN_ABOUT_RETURN_TYPE = YES_ERROR;
				GCC_WARN_UNDECLARED_SELECTOR = YES;
				GCC_WARN_UNINITIALIZED_AUTOS = YES_AGGRESSIVE;
				GCC_WARN_UNUSED_FUNCTION = YES;
				GCC_WARN_UNUSED_VARIABLE = YES;
				MACOSX_DEPLOYMENT_TARGET = 10.12;
				MTL_ENABLE_DEBUG_INFO = NO;
				SDKROOT = macosx;
				SWIFT_OPTIMIZATION_LEVEL = "-Owholemodule";
				VERSIONING_SYSTEM = "apple-generic";
				VERSION_INFO_PREFIX = "";
			};
			name = Release;
		};
		64FCE2382045DB9D00BEECDD /* Debug */ = {
			isa = XCBuildConfiguration;
			buildSettings = {
				CLANG_ENABLE_MODULES = YES;
				CODE_SIGN_IDENTITY = "";
				CODE_SIGN_STYLE = Automatic;
				COMBINE_HIDPI_IMAGES = YES;
				DEFINES_MODULE = YES;
				DEVELOPMENT_TEAM = D48QC892LT;
				DYLIB_COMPATIBILITY_VERSION = 1;
				DYLIB_CURRENT_VERSION = 1;
				DYLIB_INSTALL_NAME_BASE = "@rpath";
				FRAMEWORK_VERSION = A;
				INFOPLIST_FILE = "lhvm-swift/Info.plist";
				INSTALL_PATH = "$(LOCAL_LIBRARY_DIR)/Frameworks";
				LD_RUNPATH_SEARCH_PATHS = "$(inherited) @executable_path/../Frameworks @loader_path/Frameworks";
				PRODUCT_BUNDLE_IDENTIFIER = "com.skyleafdesign.lhvm-swift";
				PRODUCT_NAME = "$(TARGET_NAME:c99extidentifier)";
				SKIP_INSTALL = YES;
				SWIFT_OPTIMIZATION_LEVEL = "-Onone";
				SWIFT_VERSION = 4.0;
			};
			name = Debug;
		};
		64FCE2392045DB9D00BEECDD /* Release */ = {
			isa = XCBuildConfiguration;
			buildSettings = {
				CLANG_ENABLE_MODULES = YES;
				CODE_SIGN_IDENTITY = "";
				CODE_SIGN_STYLE = Automatic;
				COMBINE_HIDPI_IMAGES = YES;
				DEFINES_MODULE = YES;
				DEVELOPMENT_TEAM = D48QC892LT;
				DYLIB_COMPATIBILITY_VERSION = 1;
				DYLIB_CURRENT_VERSION = 1;
				DYLIB_INSTALL_NAME_BASE = "@rpath";
				FRAMEWORK_VERSION = A;
				INFOPLIST_FILE = "lhvm-swift/Info.plist";
				INSTALL_PATH = "$(LOCAL_LIBRARY_DIR)/Frameworks";
				LD_RUNPATH_SEARCH_PATHS = "$(inherited) @executable_path/../Frameworks @loader_path/Frameworks";
				PRODUCT_BUNDLE_IDENTIFIER = "com.skyleafdesign.lhvm-swift";
				PRODUCT_NAME = "$(TARGET_NAME:c99extidentifier)";
				SKIP_INSTALL = YES;
				SWIFT_VERSION = 4.0;
			};
			name = Release;
		};
		64FCE23B2045DB9D00BEECDD /* Debug */ = {
			isa = XCBuildConfiguration;
			buildSettings = {
				ALWAYS_EMBED_SWIFT_STANDARD_LIBRARIES = YES;
				CODE_SIGN_STYLE = Automatic;
				COMBINE_HIDPI_IMAGES = YES;
				DEVELOPMENT_TEAM = D48QC892LT;
				INFOPLIST_FILE = "lhvm-swiftTests/Info.plist";
				LD_RUNPATH_SEARCH_PATHS = "$(inherited) @executable_path/../Frameworks @loader_path/../Frameworks";
				PRODUCT_BUNDLE_IDENTIFIER = "com.skyleafdesign.lhvm-swiftTests";
				PRODUCT_NAME = "$(TARGET_NAME)";
				SWIFT_VERSION = 4.0;
			};
			name = Debug;
		};
		64FCE23C2045DB9D00BEECDD /* Release */ = {
			isa = XCBuildConfiguration;
			buildSettings = {
				ALWAYS_EMBED_SWIFT_STANDARD_LIBRARIES = YES;
				CODE_SIGN_STYLE = Automatic;
				COMBINE_HIDPI_IMAGES = YES;
				DEVELOPMENT_TEAM = D48QC892LT;
				INFOPLIST_FILE = "lhvm-swiftTests/Info.plist";
				LD_RUNPATH_SEARCH_PATHS = "$(inherited) @executable_path/../Frameworks @loader_path/../Frameworks";
				PRODUCT_BUNDLE_IDENTIFIER = "com.skyleafdesign.lhvm-swiftTests";
				PRODUCT_NAME = "$(TARGET_NAME)";
				SWIFT_VERSION = 4.0;
			};
			name = Release;
		};
/* End XCBuildConfiguration section */

/* Begin XCConfigurationList section */
		64FCE21D2045DB9D00BEECDD /* Build configuration list for PBXProject "lhvm-swift" */ = {
			isa = XCConfigurationList;
			buildConfigurations = (
				64FCE2352045DB9D00BEECDD /* Debug */,
				64FCE2362045DB9D00BEECDD /* Release */,
			);
			defaultConfigurationIsVisible = 0;
			defaultConfigurationName = Release;
		};
		64FCE2372045DB9D00BEECDD /* Build configuration list for PBXNativeTarget "lhvm-swift" */ = {
			isa = XCConfigurationList;
			buildConfigurations = (
				64FCE2382045DB9D00BEECDD /* Debug */,
				64FCE2392045DB9D00BEECDD /* Release */,
			);
			defaultConfigurationIsVisible = 0;
			defaultConfigurationName = Release;
		};
		64FCE23A2045DB9D00BEECDD /* Build configuration list for PBXNativeTarget "lhvm-swiftTests" */ = {
			isa = XCConfigurationList;
			buildConfigurations = (
				64FCE23B2045DB9D00BEECDD /* Debug */,
				64FCE23C2045DB9D00BEECDD /* Release */,
			);
			defaultConfigurationIsVisible = 0;
			defaultConfigurationName = Release;
		};
/* End XCConfigurationList section */
	};
	rootObject = 64FCE21A2045DB9D00BEECDD /* Project object */;
}
